
Microsoft Visual Studio Solution File, Format Version 11.00
# Visual Studio 2010
Project("{FAE04EC0-301F-11D3-BF4B-00C04F79EFBC}") = "NavMeshComponents", "NavMeshComponents.csproj", "{236fa4ca-85f6-b13c-5bdb-a8fdb68d50b0}"
EndProject
Project("{FAE04EC0-301F-11D3-BF4B-00C04F79EFBC}") = "Assembly-CSharp", "Assembly-CSharp.csproj", "{38a36c26-6c30-5cad-757e-f8180e600ae6}"
EndProject
Project("{FAE04EC0-301F-11D3-BF4B-00C04F79EFBC}") = "NavMeshComponentsEditor", "NavMeshComponentsEditor.csproj", "{773500c7-e938-3e1c-4c4c-9591145c59b6}"
EndProject
Global
	GlobalSection(SolutionConfigurationPlatforms) = preSolution
		Debug|Any CPU = Debug|Any CPU
	EndGlobalSection
	GlobalSection(ProjectConfigurationPlatforms) = postSolution
		{236fa4ca-85f6-b13c-5bdb-a8fdb68d50b0}.Debug|Any CPU.ActiveCfg = Debug|Any CPU
		{236fa4ca-85f6-b13c-5bdb-a8fdb68d50b0}.Debug|Any CPU.Build.0 = Debug|Any CPU
		{38a36c26-6c30-5cad-757e-f8180e600ae6}.Debug|Any CPU.ActiveCfg = Debug|Any CPU
		{38a36c26-6c30-5cad-757e-f8180e600ae6}.Debug|Any CPU.Build.0 = Debug|Any CPU
		{773500c7-e938-3e1c-4c4c-9591145c59b6}.Debug|Any CPU.ActiveCfg = Debug|Any CPU
		{773500c7-e938-3e1c-4c4c-9591145c59b6}.Debug|Any CPU.Build.0 = Debug|Any CPU
	EndGlobalSection
	GlobalSection(SolutionProperties) = preSolution
		HideSolutionNode = FALSE
	EndGlobalSection
EndGlobal
